
Microsoft Visual Studio Solution File, Format Version 12.00
# Visual Studio Version 16
VisualStudioVersion = 16.0.30011.22
MinimumVisualStudioVersion = 10.0.40219.1
Project("{FAE04EC0-301F-11D3-BF4B-00C04F79EFBC}") = "PolygonIntersection", "PolygonIntersection.csproj", "{BDE25D9E-A5BC-4E38-9DFD-4D3DF8DA06AD}"
EndProject
Project("{FAE04EC0-301F-11D3-BF4B-00C04F79EFBC}") = "PolygonIntersection.UnitTest", "..\PolygonIntersection.UnitTest\PolygonIntersection.UnitTest.csproj", "{F40EE431-6A0F-4986-BE16-3EC8C1BA271B}"
EndProject
Global
	GlobalSection(SolutionConfigurationPlatforms) = preSolution
		Debug|Any CPU = Debug|Any CPU
		Release|Any CPU = Release|Any CPU
	EndGlobalSection
	GlobalSection(ProjectConfigurationPlatforms) = postSolution
		{BDE25D9E-A5BC-4E38-9DFD-4D3DF8DA06AD}.Debug|Any CPU.ActiveCfg = Debug|Any CPU
		{BDE25D9E-A5BC-4E38-9DFD-4D3DF8DA06AD}.Debug|Any CPU.Build.0 = Debug|Any CPU
		{BDE25D9E-A5BC-4E38-9DFD-4D3DF8DA06AD}.Release|Any CPU.ActiveCfg = Release|Any CPU
		{BDE25D9E-A5BC-4E38-9DFD-4D3DF8DA06AD}.Release|Any CPU.Build.0 = Release|Any CPU
		{F40EE431-6A0F-4986-BE16-3EC8C1BA271B}.Debug|Any CPU.ActiveCfg = Debug|Any CPU
		{F40EE431-6A0F-4986-BE16-3EC8C1BA271B}.Debug|Any CPU.Build.0 = Debug|Any CPU
		{F40EE431-6A0F-4986-BE16-3EC8C1BA271B}.Release|Any CPU.ActiveCfg = Release|Any CPU
		{F40EE431-6A0F-4986-BE16-3EC8C1BA271B}.Release|Any CPU.Build.0 = Release|Any CPU
	EndGlobalSection
	GlobalSection(SolutionProperties) = preSolution
		HideSolutionNode = FALSE
	EndGlobalSection
	GlobalSection(ExtensibilityGlobals) = postSolution
		SolutionGuid = {A0197E2B-8A9B-4E00-B359-9ABFF3D0DF39}
	EndGlobalSection
EndGlobal
